
Microsoft Visual Studio Solution File, Format Version 12.00
# Visual Studio Version 17
VisualStudioVersion = 17.0.31919.166
MinimumVisualStudioVersion = 10.0.40219.1
Project("{9A19103F-16F7-4668-BE54-9A1E7A4F7556}") = "Sample.CustomCaching", "Sample.CustomCaching\Sample.CustomCaching.csproj", "{F970B27D-7E71-47E7-89E9-84B805686FAC}"
EndProject
Project("{FAE04EC0-301F-11D3-BF4B-00C04F79EFBC}") = "Sample.CustomCaching.Tests", "Sample.CustomCaching.Tests\Sample.CustomCaching.Tests.csproj", "{59261FC8-3DA0-45B8-9211-677E9C41C6A5}"
EndProject
Global
	GlobalSection(SolutionConfigurationPlatforms) = preSolution
		Debug|Any CPU = Debug|Any CPU
		Release|Any CPU = Release|Any CPU
	EndGlobalSection
	GlobalSection(ProjectConfigurationPlatforms) = postSolution
		{F970B27D-7E71-47E7-89E9-84B805686FAC}.Debug|Any CPU.ActiveCfg = Debug|Any CPU
		{F970B27D-7E71-47E7-89E9-84B805686FAC}.Debug|Any CPU.Build.0 = Debug|Any CPU
		{F970B27D-7E71-47E7-89E9-84B805686FAC}.Release|Any CPU.ActiveCfg = Release|Any CPU
		{F970B27D-7E71-47E7-89E9-84B805686FAC}.Release|Any CPU.Build.0 = Release|Any CPU
		{59261FC8-3DA0-45B8-9211-677E9C41C6A5}.Debug|Any CPU.ActiveCfg = Debug|Any CPU
		{59261FC8-3DA0-45B8-9211-677E9C41C6A5}.Debug|Any CPU.Build.0 = Debug|Any CPU
		{59261FC8-3DA0-45B8-9211-677E9C41C6A5}.Release|Any CPU.ActiveCfg = Release|Any CPU
		{59261FC8-3DA0-45B8-9211-677E9C41C6A5}.Release|Any CPU.Build.0 = Release|Any CPU
	EndGlobalSection
	GlobalSection(SolutionProperties) = preSolution
		HideSolutionNode = FALSE
	EndGlobalSection
	GlobalSection(ExtensibilityGlobals) = postSolution
		SolutionGuid = {56C105C5-EF0F-4999-B2EF-36A45F792758}
	EndGlobalSection
EndGlobal
